{
  "version": 4,
  "terraform_version": "1.16.2",
  "serial": 116,
  "lineage": "8e8b5bf8-0e79-a3ba-839d-c472640d57fb",
  "outputs": {
    "repo_clone_url": {
      "value": "https://github.com/davidsr1994/terraform-training.git",
      "type": "string",
      "sensitive": true
    },
    "repo_url": {
      "value": "https://github.com/davidsr1994/terraform-training",
      "type": "string"
    }
  },
  "resources": [
    {
      "mode": "managed",
      "type": "github_issue_label",
      "name": "by_count",
      "provider": "provider[\"registry.terraform.io/integrations/github\"]",
      "instances": [
        {
          "index_key": 0,
          "schema_version": 0,
          "attributes": {
            "color": "ededed",
            "description": null,
            "etag": "\"bc11818284e048b746fc815694c4cd8ba631dedd15763fa4d1b9c4a8e9d76555\"",
            "id": "terraform-training:erro",
            "name": "erro",
            "repository": "terraform-training",
            "url": "https://api.github.com/repos/davidsr1994/terraform-training/labels/erro"
          },
          "sensitive_attributes": [],
          "identity_schema_version": 0,
          "private": "bnVsbA==",
          "dependencies": [
            "github_repository.course_repo"
          ]
        },
        {
          "index_key": 1,
          "schema_version": 0,
          "attributes": {
            "color": "ededed",
            "description": null,
            "etag": "\"fed1cc9e9d01f60e33eb4dbf1c8d090c21bc235187640b690cee08eeb86ebfb6\"",
            "id": "terraform-training:melhoria",
            "name": "melhoria",
            "repository": "terraform-training",
            "url": "https://api.github.com/repos/davidsr1994/terraform-training/labels/melhoria"
          },
          "sensitive_attributes": [],
          "identity_schema_version": 0,
          "private": "bnVsbA==",
          "dependencies": [
            "github_repository.course_repo"
          ]
        },
        {
          "index_key": 2,
          "schema_version": 0,
          "attributes": {
            "color": "ededed",
            "description": null,
            "etag": "\"7cd942e0adf25be18318a101afb6fc3d017a28baf01c426018260ccaa95250b9\"",
            "id": "terraform-training:questao",
            "name": "questao",
            "repository": "terraform-training",
            "url": "https://api.github.com/repos/davidsr1994/terraform-training/labels/questao"
          },
          "sensitive_attributes": [],
          "identity_schema_version": 0,
          "private": "bnVsbA==",
          "dependencies": [
            "github_repository.course_repo"
          ]
        }
      ]
    },
    {
      "mode": "managed",
      "type": "github_repository",
      "name": "course_repo",
      "provider": "provider[\"registry.terraform.io/integrations/github\"]",
      "instances": [
        {
          "schema_version": 1,
          "attributes": {
            "allow_auto_merge": false,
            "allow_forking": true,
            "allow_merge_commit": true,
            "allow_rebase_merge": true,
            "allow_squash_merge": true,
            "allow_update_branch": false,
            "archive_on_destroy": null,
            "archived": false,
            "auto_init": null,
            "default_branch": "main",
            "delete_branch_on_merge": false,
            "description": "",
            "etag": "W/\"1fee175dc262eb336130bbcadc4a0bbbce0dd541a39ce9ae1f57fb2aeb4aad25\"",
            "fork": "false",
            "full_name": "davidsr1994/terraform-training",
            "git_clone_url": "git://github.com/davidsr1994/terraform-training.git",
            "gitignore_template": null,
            "has_discussions": false,
            "has_downloads": false,
            "has_issues": true,
            "has_projects": false,
            "has_wiki": false,
            "homepage_url": "",
            "html_url": "https://github.com/davidsr1994/terraform-training",
            "http_clone_url": "https://github.com/davidsr1994/terraform-training.git",
            "id": "terraform-training",
            "ignore_vulnerability_alerts_during_read": false,
            "is_template": false,
            "license_template": null,
            "merge_commit_message": "PR_TITLE",
            "merge_commit_title": "MERGE_MESSAGE",
            "name": "terraform-training",
            "node_id": "R_kgDOUkYwfg",
            "pages": [],
            "primary_language": "HCL",
            "private": false,
            "repo_id": 1380331646,
            "security_and_analysis": [
              {
                "advanced_security": [],
                "code_security": [],
                "secret_scanning": [
                  {
                    "status": "enabled"
                  }
                ],
                "secret_scanning_ai_detection": [],
                "secret_scanning_non_provider_patterns": [],
                "secret_scanning_push_protection": [
                  {
                    "status": "enabled"
                  }
                ]
              }
            ],
            "source_owner": "",
            "source_repo": "",
            "squash_merge_commit_message": "COMMIT_MESSAGES",
            "squash_merge_commit_title": "COMMIT_OR_PR_TITLE",
            "ssh_clone_url": "git@github.com:davidsr1994/terraform-training.git",
            "svn_url": "https://github.com/davidsr1994/terraform-training",
            "template": [],
            "topics": [],
            "visibility": "public",
            "vulnerability_alerts": false,
            "web_commit_signoff_required": false
          },
          "sensitive_attributes": [],
          "identity_schema_version": 0,
          "private": "eyJzY2hlbWFfdmVyc2lvbiI6IjEifQ=="
        }
      ]
    }
  ],
  "check_results": [
    {
      "object_kind": "var",
      "config_addr": "var.repo_name",
      "status": "pass",
      "objects": [
        {
          "object_addr": "var.repo_name",
          "status": "pass"
        }
      ]
    }
  ]
}
